
Microsoft Visual Studio Solution File, Format Version 12.00
# Visual Studio 15
Project("{FAE04EC0-301F-11D3-BF4B-00C04F79EFBC}") = "Sample", "Sample\Sample.csproj", "{030ED632-5BD5-4560-8237-FFF46542D139}"
EndProject
Project("{FAE04EC0-301F-11D3-BF4B-00C04F79EFBC}") = "OHPageControlLib", "OHPageControlLib\OHPageControlLib.csproj", "{FC167A71-6778-48FD-92B1-7FC1CB39B0F2}"
EndProject
Global
	GlobalSection(SolutionConfigurationPlatforms) = preSolution
		Debug|Any CPU = Debug|Any CPU
		Release|Any CPU = Release|Any CPU
		Debug|iPhoneSimulator = Debug|iPhoneSimulator
		Release|iPhone = Release|iPhone
		Release|iPhoneSimulator = Release|iPhoneSimulator
		Debug|iPhone = Debug|iPhone
	EndGlobalSection
	GlobalSection(ProjectConfigurationPlatforms) = postSolution
		{030ED632-5BD5-4560-8237-FFF46542D139}.Debug|Any CPU.ActiveCfg = Debug|iPhoneSimulator
		{030ED632-5BD5-4560-8237-FFF46542D139}.Debug|Any CPU.Build.0 = Debug|iPhoneSimulator
		{030ED632-5BD5-4560-8237-FFF46542D139}.Release|Any CPU.ActiveCfg = Release|iPhone
		{030ED632-5BD5-4560-8237-FFF46542D139}.Release|Any CPU.Build.0 = Release|iPhone
		{030ED632-5BD5-4560-8237-FFF46542D139}.Debug|iPhoneSimulator.ActiveCfg = Debug|iPhoneSimulator
		{030ED632-5BD5-4560-8237-FFF46542D139}.Debug|iPhoneSimulator.Build.0 = Debug|iPhoneSimulator
		{030ED632-5BD5-4560-8237-FFF46542D139}.Release|iPhone.ActiveCfg = Release|iPhone
		{030ED632-5BD5-4560-8237-FFF46542D139}.Release|iPhone.Build.0 = Release|iPhone
		{030ED632-5BD5-4560-8237-FFF46542D139}.Release|iPhoneSimulator.ActiveCfg = Release|iPhoneSimulator
		{030ED632-5BD5-4560-8237-FFF46542D139}.Release|iPhoneSimulator.Build.0 = Release|iPhoneSimulator
		{030ED632-5BD5-4560-8237-FFF46542D139}.Debug|iPhone.ActiveCfg = Debug|iPhone
		{030ED632-5BD5-4560-8237-FFF46542D139}.Debug|iPhone.Build.0 = Debug|iPhone
		{FC167A71-6778-48FD-92B1-7FC1CB39B0F2}.Debug|Any CPU.ActiveCfg = Debug|Any CPU
		{FC167A71-6778-48FD-92B1-7FC1CB39B0F2}.Debug|Any CPU.Build.0 = Debug|Any CPU
		{FC167A71-6778-48FD-92B1-7FC1CB39B0F2}.Release|Any CPU.ActiveCfg = Release|Any CPU
		{FC167A71-6778-48FD-92B1-7FC1CB39B0F2}.Release|Any CPU.Build.0 = Release|Any CPU
		{FC167A71-6778-48FD-92B1-7FC1CB39B0F2}.Debug|iPhoneSimulator.ActiveCfg = Debug|Any CPU
		{FC167A71-6778-48FD-92B1-7FC1CB39B0F2}.Debug|iPhoneSimulator.Build.0 = Debug|Any CPU
		{FC167A71-6778-48FD-92B1-7FC1CB39B0F2}.Release|iPhone.ActiveCfg = Release|Any CPU
		{FC167A71-6778-48FD-92B1-7FC1CB39B0F2}.Release|iPhone.Build.0 = Release|Any CPU
		{FC167A71-6778-48FD-92B1-7FC1CB39B0F2}.Release|iPhoneSimulator.ActiveCfg = Release|Any CPU
		{FC167A71-6778-48FD-92B1-7FC1CB39B0F2}.Release|iPhoneSimulator.Build.0 = Release|Any CPU
		{FC167A71-6778-48FD-92B1-7FC1CB39B0F2}.Debug|iPhone.ActiveCfg = Debug|Any CPU
		{FC167A71-6778-48FD-92B1-7FC1CB39B0F2}.Debug|iPhone.Build.0 = Debug|Any CPU
	EndGlobalSection
EndGlobal
